github.com/mondegor/go-storage v0.9.0 h1:DIshMbknsFf5jg0+WeFDP5M+Ef3629R4meHMQrvTkyU=
github.com/mondegor/go-storage v0.9.0/go.mod h1:f+tvGlcehjVkTI2YAnPy83yCT84WZLHzKkgtStUeEXc=
github.com/mondegor/go-sysmess v0.7.3 h1:smuipOfcCVnsU2/47zv++FTFSY6xE/ePMSUw41UZLRI=
github.com/mondegor/go-sysmess v0.7.3/go.mod h1:2m5N56AJectptnLAigrLZwjvEQuzJ/a1G7fPqQwzk2c=
github.com/mondegor/go-webcore v0.14.0 h1:NwQ0ZqDe9OfcDfSKv+UK/Hgl/a49iX3xV/mwoEMxBHs=
github.com/mondegor/go-webcore v0.14.0/go.mod h1:KJRLBt2FkOYQm3sITPhJbrUPshm1+DJX5j9dWzSFqaE=
